
Microsoft Visual Studio Solution File, Format Version 12.00
# Visual Studio Version 16
Project("{8BC9CEB8-8B4A-11D0-8D11-00A0C91BC942}") = "Sandbox", "Sandbox\Sandbox.vcxproj", "{F4C124E3-60A1-A37E-69B9-2E55D5170AE0}"
EndProject
Project("{8BC9CEB8-8B4A-11D0-8D11-00A0C91BC942}") = "FoolsEngine", "FoolsEngine\FoolsEngine.vcxproj", "{1E21718E-8AD6-E983-13CB-E35A7F7FE087}"
EndProject
Project("{8BC9CEB8-8B4A-11D0-8D11-00A0C91BC942}") = "glad", "FoolsEngine\externals\_projects_of_externals\glad\glad.vcxproj", "{DD62977C-C999-980D-7286-7E105E9C140F}"
EndProject
Project("{8BC9CEB8-8B4A-11D0-8D11-00A0C91BC942}") = "glfw", "FoolsEngine\externals\_projects_of_externals\glfw\glfw.vcxproj", "{9563977C-819A-980D-2A87-7E10169D140F}"
EndProject
Global
	GlobalSection(SolutionConfigurationPlatforms) = preSolution
		Debug|x64 = Debug|x64
		Publish|x64 = Publish|x64
		Release|x64 = Release|x64
	EndGlobalSection
	GlobalSection(ProjectConfigurationPlatforms) = postSolution
		{F4C124E3-60A1-A37E-69B9-2E55D5170AE0}.Debug|x64.ActiveCfg = Debug|x64
		{F4C124E3-60A1-A37E-69B9-2E55D5170AE0}.Debug|x64.Build.0 = Debug|x64
		{F4C124E3-60A1-A37E-69B9-2E55D5170AE0}.Publish|x64.ActiveCfg = Publish|x64
		{F4C124E3-60A1-A37E-69B9-2E55D5170AE0}.Publish|x64.Build.0 = Publish|x64
		{F4C124E3-60A1-A37E-69B9-2E55D5170AE0}.Release|x64.ActiveCfg = Release|x64
		{F4C124E3-60A1-A37E-69B9-2E55D5170AE0}.Release|x64.Build.0 = Release|x64
		{1E21718E-8AD6-E983-13CB-E35A7F7FE087}.Debug|x64.ActiveCfg = Debug|x64
		{1E21718E-8AD6-E983-13CB-E35A7F7FE087}.Debug|x64.Build.0 = Debug|x64
		{1E21718E-8AD6-E983-13CB-E35A7F7FE087}.Publish|x64.ActiveCfg = Publish|x64
		{1E21718E-8AD6-E983-13CB-E35A7F7FE087}.Publish|x64.Build.0 = Publish|x64
		{1E21718E-8AD6-E983-13CB-E35A7F7FE087}.Release|x64.ActiveCfg = Release|x64
		{1E21718E-8AD6-E983-13CB-E35A7F7FE087}.Release|x64.Build.0 = Release|x64
		{DD62977C-C999-980D-7286-7E105E9C140F}.Debug|x64.ActiveCfg = Debug|x64
		{DD62977C-C999-980D-7286-7E105E9C140F}.Debug|x64.Build.0 = Debug|x64
		{DD62977C-C999-980D-7286-7E105E9C140F}.Publish|x64.ActiveCfg = Publish|x64
		{DD62977C-C999-980D-7286-7E105E9C140F}.Publish|x64.Build.0 = Publish|x64
		{DD62977C-C999-980D-7286-7E105E9C140F}.Release|x64.ActiveCfg = Release|x64
		{DD62977C-C999-980D-7286-7E105E9C140F}.Release|x64.Build.0 = Release|x64
		{9563977C-819A-980D-2A87-7E10169D140F}.Debug|x64.ActiveCfg = Debug|x64
		{9563977C-819A-980D-2A87-7E10169D140F}.Debug|x64.Build.0 = Debug|x64
		{9563977C-819A-980D-2A87-7E10169D140F}.Publish|x64.ActiveCfg = Publish|x64
		{9563977C-819A-980D-2A87-7E10169D140F}.Publish|x64.Build.0 = Publish|x64
		{9563977C-819A-980D-2A87-7E10169D140F}.Release|x64.ActiveCfg = Release|x64
		{9563977C-819A-980D-2A87-7E10169D140F}.Release|x64.Build.0 = Release|x64
	EndGlobalSection
	GlobalSection(SolutionProperties) = preSolution
		HideSolutionNode = FALSE
	EndGlobalSection
EndGlobal
