
Microsoft Visual Studio Solution File, Format Version 12.00
# Visual Studio Version 16
VisualStudioVersion = 16.0.31105.61
MinimumVisualStudioVersion = 10.0.40219.1
Project("{8BC9CEB8-8B4A-11D0-8D11-00A0C91BC942}") = "FoolsEngine", "FoolsEngine\FoolsEngine.vcxproj", "{9D0FB410-9B67-42AE-AD2A-D2E51ADF50C0}"
EndProject
Global
	GlobalSection(SolutionConfigurationPlatforms) = preSolution
		Debug|x64 = Debug|x64
		Debug|x86 = Debug|x86
		Release|x64 = Release|x64
		Release|x86 = Release|x86
	EndGlobalSection
	GlobalSection(ProjectConfigurationPlatforms) = postSolution
		{9D0FB410-9B67-42AE-AD2A-D2E51ADF50C0}.Debug|x64.ActiveCfg = Debug|x64
		{9D0FB410-9B67-42AE-AD2A-D2E51ADF50C0}.Debug|x64.Build.0 = Debug|x64
		{9D0FB410-9B67-42AE-AD2A-D2E51ADF50C0}.Debug|x86.ActiveCfg = Debug|Win32
		{9D0FB410-9B67-42AE-AD2A-D2E51ADF50C0}.Debug|x86.Build.0 = Debug|Win32
		{9D0FB410-9B67-42AE-AD2A-D2E51ADF50C0}.Release|x64.ActiveCfg = Release|x64
		{9D0FB410-9B67-42AE-AD2A-D2E51ADF50C0}.Release|x64.Build.0 = Release|x64
		{9D0FB410-9B67-42AE-AD2A-D2E51ADF50C0}.Release|x86.ActiveCfg = Release|Win32
		{9D0FB410-9B67-42AE-AD2A-D2E51ADF50C0}.Release|x86.Build.0 = Release|Win32
	EndGlobalSection
	GlobalSection(SolutionProperties) = preSolution
		HideSolutionNode = FALSE
	EndGlobalSection
	GlobalSection(ExtensibilityGlobals) = postSolution
		SolutionGuid = {B17A8D01-AF19-4F66-B1C2-17627AFEDB40}
	EndGlobalSection
EndGlobal
