
Microsoft Visual Studio Solution File, Format Version 12.00
# Visual Studio Version 17
Project("{8BC9CEB8-8B4A-11D0-8D11-00A0C91BC942}") = "FoolsTools", "FoolsTools\FoolsTools.vcxproj", "{F98B13CF-E543-551C-4E4B-2E783A22F00C}"
EndProject
Project("{2150E333-8FDC-42A3-9474-1A3956D46DE8}") = "Dependencies", "Dependencies", "{53E47842-3FC8-3998-A828-34EB942B241A}"
EndProject
Project("{8BC9CEB8-8B4A-11D0-8D11-00A0C91BC942}") = "ImGuizmo", "FoolsEngine\externals\_projects_of_externals\ImGuizmo\ImGuizmo.vcxproj", "{36FD234F-22CA-7E5A-4BE3-6C02370FB4E8}"
EndProject
Project("{8BC9CEB8-8B4A-11D0-8D11-00A0C91BC942}") = "glad", "FoolsEngine\externals\_projects_of_externals\glad\glad.vcxproj", "{DD62977C-C999-980D-7286-7E105E9C140F}"
EndProject
Project("{8BC9CEB8-8B4A-11D0-8D11-00A0C91BC942}") = "glfw", "FoolsEngine\externals\_projects_of_externals\glfw\glfw.vcxproj", "{9563977C-819A-980D-2A87-7E10169D140F}"
EndProject
Project("{8BC9CEB8-8B4A-11D0-8D11-00A0C91BC942}") = "imgui", "FoolsEngine\externals\_projects_of_externals\imgui\imgui.vcxproj", "{0098A80F-6CAC-D0C0-352E-7420A101CDF1}"
EndProject
Project("{8BC9CEB8-8B4A-11D0-8D11-00A0C91BC942}") = "stb", "FoolsEngine\externals\_projects_of_externals\stb\stb.vcxproj", "{6EAB880B-DAB4-887C-6330-9F7CCF38947C}"
EndProject
Project("{8BC9CEB8-8B4A-11D0-8D11-00A0C91BC942}") = "yaml-cpp", "FoolsEngine\externals\_projects_of_externals\yaml-cpp\yaml-cpp.vcxproj", "{88F1A057-74BE-FB62-9DD7-E90A890331F1}"
EndProject
Project("{8BC9CEB8-8B4A-11D0-8D11-00A0C91BC942}") = "FoolsEngine", "FoolsEngine\FoolsEngine.vcxproj", "{1E21718E-8AD6-E983-13CB-E35A7F7FE087}"
EndProject
Project("{8BC9CEB8-8B4A-11D0-8D11-00A0C91BC942}") = "Sandbox", "Sandbox\Sandbox.vcxproj", "{F4C124E3-60A1-A37E-69B9-2E55D5170AE0}"
EndProject
Global
	GlobalSection(SolutionConfigurationPlatforms) = preSolution
		Debug|x64 = Debug|x64
		Publish|x64 = Publish|x64
		Release|x64 = Release|x64
	EndGlobalSection
	GlobalSection(ProjectConfigurationPlatforms) = postSolution
		{F98B13CF-E543-551C-4E4B-2E783A22F00C}.Debug|x64.ActiveCfg = Debug|x64
		{F98B13CF-E543-551C-4E4B-2E783A22F00C}.Debug|x64.Build.0 = Debug|x64
		{F98B13CF-E543-551C-4E4B-2E783A22F00C}.Publish|x64.ActiveCfg = Publish|x64
		{F98B13CF-E543-551C-4E4B-2E783A22F00C}.Publish|x64.Build.0 = Publish|x64
		{F98B13CF-E543-551C-4E4B-2E783A22F00C}.Release|x64.ActiveCfg = Release|x64
		{F98B13CF-E543-551C-4E4B-2E783A22F00C}.Release|x64.Build.0 = Release|x64
		{36FD234F-22CA-7E5A-4BE3-6C02370FB4E8}.Debug|x64.ActiveCfg = Debug|x64
		{36FD234F-22CA-7E5A-4BE3-6C02370FB4E8}.Debug|x64.Build.0 = Debug|x64
		{36FD234F-22CA-7E5A-4BE3-6C02370FB4E8}.Publish|x64.ActiveCfg = Publish|x64
		{36FD234F-22CA-7E5A-4BE3-6C02370FB4E8}.Publish|x64.Build.0 = Publish|x64
		{36FD234F-22CA-7E5A-4BE3-6C02370FB4E8}.Release|x64.ActiveCfg = Release|x64
		{36FD234F-22CA-7E5A-4BE3-6C02370FB4E8}.Release|x64.Build.0 = Release|x64
		{DD62977C-C999-980D-7286-7E105E9C140F}.Debug|x64.ActiveCfg = Debug|x64
		{DD62977C-C999-980D-7286-7E105E9C140F}.Debug|x64.Build.0 = Debug|x64
		{DD62977C-C999-980D-7286-7E105E9C140F}.Publish|x64.ActiveCfg = Publish|x64
		{DD62977C-C999-980D-7286-7E105E9C140F}.Publish|x64.Build.0 = Publish|x64
		{DD62977C-C999-980D-7286-7E105E9C140F}.Release|x64.ActiveCfg = Release|x64
		{DD62977C-C999-980D-7286-7E105E9C140F}.Release|x64.Build.0 = Release|x64
		{9563977C-819A-980D-2A87-7E10169D140F}.Debug|x64.ActiveCfg = Debug|x64
		{9563977C-819A-980D-2A87-7E10169D140F}.Debug|x64.Build.0 = Debug|x64
		{9563977C-819A-980D-2A87-7E10169D140F}.Publish|x64.ActiveCfg = Publish|x64
		{9563977C-819A-980D-2A87-7E10169D140F}.Publish|x64.Build.0 = Publish|x64
		{9563977C-819A-980D-2A87-7E10169D140F}.Release|x64.ActiveCfg = Release|x64
		{9563977C-819A-980D-2A87-7E10169D140F}.Release|x64.Build.0 = Release|x64
		{0098A80F-6CAC-D0C0-352E-7420A101CDF1}.Debug|x64.ActiveCfg = Debug|x64
		{0098A80F-6CAC-D0C0-352E-7420A101CDF1}.Debug|x64.Build.0 = Debug|x64
		{0098A80F-6CAC-D0C0-352E-7420A101CDF1}.Publish|x64.ActiveCfg = Publish|x64
		{0098A80F-6CAC-D0C0-352E-7420A101CDF1}.Publish|x64.Build.0 = Publish|x64
		{0098A80F-6CAC-D0C0-352E-7420A101CDF1}.Release|x64.ActiveCfg = Release|x64
		{0098A80F-6CAC-D0C0-352E-7420A101CDF1}.Release|x64.Build.0 = Release|x64
		{6EAB880B-DAB4-887C-6330-9F7CCF38947C}.Debug|x64.ActiveCfg = Debug|x64
		{6EAB880B-DAB4-887C-6330-9F7CCF38947C}.Debug|x64.Build.0 = Debug|x64
		{6EAB880B-DAB4-887C-6330-9F7CCF38947C}.Publish|x64.ActiveCfg = Publish|x64
		{6EAB880B-DAB4-887C-6330-9F7CCF38947C}.Publish|x64.Build.0 = Publish|x64
		{6EAB880B-DAB4-887C-6330-9F7CCF38947C}.Release|x64.ActiveCfg = Release|x64
		{6EAB880B-DAB4-887C-6330-9F7CCF38947C}.Release|x64.Build.0 = Release|x64
		{88F1A057-74BE-FB62-9DD7-E90A890331F1}.Debug|x64.ActiveCfg = Debug|x64
		{88F1A057-74BE-FB62-9DD7-E90A890331F1}.Debug|x64.Build.0 = Debug|x64
		{88F1A057-74BE-FB62-9DD7-E90A890331F1}.Publish|x64.ActiveCfg = Publish|x64
		{88F1A057-74BE-FB62-9DD7-E90A890331F1}.Publish|x64.Build.0 = Publish|x64
		{88F1A057-74BE-FB62-9DD7-E90A890331F1}.Release|x64.ActiveCfg = Release|x64
		{88F1A057-74BE-FB62-9DD7-E90A890331F1}.Release|x64.Build.0 = Release|x64
		{1E21718E-8AD6-E983-13CB-E35A7F7FE087}.Debug|x64.ActiveCfg = Debug|x64
		{1E21718E-8AD6-E983-13CB-E35A7F7FE087}.Debug|x64.Build.0 = Debug|x64
		{1E21718E-8AD6-E983-13CB-E35A7F7FE087}.Publish|x64.ActiveCfg = Publish|x64
		{1E21718E-8AD6-E983-13CB-E35A7F7FE087}.Publish|x64.Build.0 = Publish|x64
		{1E21718E-8AD6-E983-13CB-E35A7F7FE087}.Release|x64.ActiveCfg = Release|x64
		{1E21718E-8AD6-E983-13CB-E35A7F7FE087}.Release|x64.Build.0 = Release|x64
		{F4C124E3-60A1-A37E-69B9-2E55D5170AE0}.Debug|x64.ActiveCfg = Debug|x64
		{F4C124E3-60A1-A37E-69B9-2E55D5170AE0}.Debug|x64.Build.0 = Debug|x64
		{F4C124E3-60A1-A37E-69B9-2E55D5170AE0}.Publish|x64.ActiveCfg = Publish|x64
		{F4C124E3-60A1-A37E-69B9-2E55D5170AE0}.Publish|x64.Build.0 = Publish|x64
		{F4C124E3-60A1-A37E-69B9-2E55D5170AE0}.Release|x64.ActiveCfg = Release|x64
		{F4C124E3-60A1-A37E-69B9-2E55D5170AE0}.Release|x64.Build.0 = Release|x64
	EndGlobalSection
	GlobalSection(SolutionProperties) = preSolution
		HideSolutionNode = FALSE
	EndGlobalSection
	GlobalSection(NestedProjects) = preSolution
		{36FD234F-22CA-7E5A-4BE3-6C02370FB4E8} = {53E47842-3FC8-3998-A828-34EB942B241A}
		{DD62977C-C999-980D-7286-7E105E9C140F} = {53E47842-3FC8-3998-A828-34EB942B241A}
		{9563977C-819A-980D-2A87-7E10169D140F} = {53E47842-3FC8-3998-A828-34EB942B241A}
		{0098A80F-6CAC-D0C0-352E-7420A101CDF1} = {53E47842-3FC8-3998-A828-34EB942B241A}
		{6EAB880B-DAB4-887C-6330-9F7CCF38947C} = {53E47842-3FC8-3998-A828-34EB942B241A}
		{88F1A057-74BE-FB62-9DD7-E90A890331F1} = {53E47842-3FC8-3998-A828-34EB942B241A}
	EndGlobalSection
EndGlobal
