<?xml version="1.0" encoding="utf-8"?>
<Project ToolsVersion="4.0" xmlns="http://schemas.microsoft.com/developer/msbuild/2003">
  <ItemGroup>
    <Filter Include="FoolsEngine">
      <UniqueIdentifier>{1E21718E-8AD6-E983-13CB-E35A7F7FE087}</UniqueIdentifier>
    </Filter>
    <Filter Include="FoolsEngine\Application">
      <UniqueIdentifier>{E1F90A0E-4D31-53A5-563B-B7C8C2F1799E}</UniqueIdentifier>
    </Filter>
    <Filter Include="FoolsEngine\Application\ImGui">
      <UniqueIdentifier>{CB93996D-37AC-8097-0059-10316C301531}</UniqueIdentifier>
    </Filter>
    <Filter Include="FoolsEngine\Assets">
      <UniqueIdentifier>{403A6BB3-2C1E-2C09-957E-265C8181168B}</UniqueIdentifier>
    </Filter>
    <Filter Include="FoolsEngine\Assets\Loaders">
      <UniqueIdentifier>{39128283-2522-2E54-8EDB-92727A0A1DED}</UniqueIdentifier>
    </Filter>
    <Filter Include="FoolsEngine\Assets\Serialization">
      <UniqueIdentifier>{CD82E250-B9D3-CD92-E237-BC54CEE760FC}</UniqueIdentifier>
    </Filter>
    <Filter Include="FoolsEngine\Foundation">
      <UniqueIdentifier>{A45E3A38-9058-638A-79C5-F99A655EC9F6}</UniqueIdentifier>
    </Filter>
    <Filter Include="FoolsEngine\Foundation\Debug">
      <UniqueIdentifier>{1AD401A1-068F-F14C-AF46-6A979BE03BDD}</UniqueIdentifier>
    </Filter>
    <Filter Include="FoolsEngine\Foundation\Math">
      <UniqueIdentifier>{FD897133-6997-9F19-F27D-9B045E8A6BD0}</UniqueIdentifier>
    </Filter>
    <Filter Include="FoolsEngine\Foundation\Memory">
      <UniqueIdentifier>{8CB540D6-F8CD-2700-C17A-B7992D52BC99}</UniqueIdentifier>
    </Filter>
    <Filter Include="FoolsEngine\Foundation\Memory\Allocators">
      <UniqueIdentifier>{CF1BE2E5-BB98-D528-E415-D63CD0F171BC}</UniqueIdentifier>
    </Filter>
    <Filter Include="FoolsEngine\Foundation\Utils">
      <UniqueIdentifier>{04CB3DA2-F085-2D4E-993D-A69885D777DE}</UniqueIdentifier>
    </Filter>
    <Filter Include="FoolsEngine\Platform">
      <UniqueIdentifier>{327F31CF-1E0E-BB98-C72C-CF93B39ACB3E}</UniqueIdentifier>
    </Filter>
    <Filter Include="FoolsEngine\Platform\Events">
      <UniqueIdentifier>{D6DEFD46-42EC-2B2D-CBD2-271837DFF7E3}</UniqueIdentifier>
    </Filter>
    <Filter Include="FoolsEngine\Platform\Win32">
      <UniqueIdentifier>{94D4F850-80E4-A421-E99D-0940D5CC93BA}</UniqueIdentifier>
    </Filter>
    <Filter Include="FoolsEngine\Renderer">
      <UniqueIdentifier>{84860EAA-7015-9873-1934-AC6E05A2A819}</UniqueIdentifier>
    </Filter>
    <Filter Include="FoolsEngine\Renderer\1 - Description">
      <UniqueIdentifier>{35E8F8BD-21CF-BAB5-CA1F-21D3B6E5331C}</UniqueIdentifier>
    </Filter>
    <Filter Include="FoolsEngine\Renderer\2 - Resource">
      <UniqueIdentifier>{9A663D6F-06D5-92EE-4FBE-4DEEBB6B888A}</UniqueIdentifier>
    </Filter>
    <Filter Include="FoolsEngine\Renderer\2 - Resource\OpenGL">
      <UniqueIdentifier>{8E5E6585-7ADB-58C8-A358-59DC8F34F55B}</UniqueIdentifier>
    </Filter>
    <Filter Include="FoolsEngine\Renderer\3 - Command">
      <UniqueIdentifier>{72AEF71C-5EFF-E25E-8763-D120731376C8}</UniqueIdentifier>
    </Filter>
    <Filter Include="FoolsEngine\Renderer\3 - Command\OpenGL">
      <UniqueIdentifier>{666375D7-D2F2-36C2-DBEE-17DA47FD71CE}</UniqueIdentifier>
    </Filter>
    <Filter Include="FoolsEngine\Renderer\4 - Representation">
      <UniqueIdentifier>{A704F9DB-1394-BAC6-1C90-9BDE889EF5D2}</UniqueIdentifier>
    </Filter>
    <Filter Include="FoolsEngine\Renderer\5 - Render Context">
      <UniqueIdentifier>{FADF1402-666F-D6EC-6F6B-B704DB7911F9}</UniqueIdentifier>
    </Filter>
    <Filter Include="FoolsEngine\Renderer\5 - Render Context\OpenGL">
      <UniqueIdentifier>{EE8BAA56-DA09-FBEF-C301-B987AF1E3D18}</UniqueIdentifier>
    </Filter>
    <Filter Include="FoolsEngine\Renderer\6 - Render">
      <UniqueIdentifier>{B6AAFBF8-228E-0A39-2B91-387597F3D089}</UniqueIdentifier>
    </Filter>
    <Filter Include="FoolsEngine\Renderer\7 - Integration">
      <UniqueIdentifier>{BB9B0263-A782-C45A-50D3-2A783C993DC1}</UniqueIdentifier>
    </Filter>
    <Filter Include="FoolsEngine\Scene">
      <UniqueIdentifier>{BB6C119A-2783-0F30-70FA-9A51DC4FE0B7}</UniqueIdentifier>
    </Filter>
    <Filter Include="FoolsEngine\Scene\Components">
      <UniqueIdentifier>{F006C857-DCC1-B703-8579-304E71130294}</UniqueIdentifier>
    </Filter>
    <Filter Include="FoolsEngine\Scene\GameplayWorld">
      <UniqueIdentifier>{823DFA89-EE20-09CA-F723-37066386CF1A}</UniqueIdentifier>
    </Filter>
    <Filter Include="FoolsEngine\Scene\GameplayWorld\Actor">
      <UniqueIdentifier>{0ACB79C7-768F-78B7-3FF5-A881AB7814ED}</UniqueIdentifier>
    </Filter>
    <Filter Include="FoolsEngine\Scene\GameplayWorld\Hierarchy">
      <UniqueIdentifier>{90D47072-FCEE-D313-4511-E4A7B16AFB1A}</UniqueIdentifier>
    </Filter>
    <Filter Include="FoolsEngine\Scene\GameplayWorld\System">
      <UniqueIdentifier>{56AA3DE2-42FC-14D2-2B1B-52E2170C2EBB}</UniqueIdentifier>
    </Filter>
  </ItemGroup>
  <ItemGroup>
    <ClInclude Include="src\EntryPoint.h" />
    <ClInclude Include="src\FE_pch.h" />
    <ClInclude Include="src\FoolsEngine.h" />
    <ClInclude Include="src\FoolsEngine\Application\Application.h">
      <Filter>FoolsEngine\Application</Filter>
    </ClInclude>
    <ClInclude Include="src\FoolsEngine\Application\ImGui\ImGuiBackend.h">
      <Filter>FoolsEngine\Application\ImGui</Filter>
    </ClInclude>
    <ClInclude Include="src\FoolsEngine\Application\ImGui\ImGuiLayer.h">
      <Filter>FoolsEngine\Application\ImGui</Filter>
    </ClInclude>
    <ClInclude Include="src\FoolsEngine\Application\Layer.h">
      <Filter>FoolsEngine\Application</Filter>
    </ClInclude>
    <ClInclude Include="src\FoolsEngine\Application\LayerStack.h">
      <Filter>FoolsEngine\Application</Filter>
    </ClInclude>
    <ClInclude Include="src\FoolsEngine\Application\Project.h">
      <Filter>FoolsEngine\Application</Filter>
    </ClInclude>
    <ClInclude Include="src\FoolsEngine\Application\Time.h">
      <Filter>FoolsEngine\Application</Filter>
    </ClInclude>
    <ClInclude Include="src\FoolsEngine\Application\UUID.h">
      <Filter>FoolsEngine\Application</Filter>
    </ClInclude>
    <ClInclude Include="src\FoolsEngine\Assets\Asset.h">
      <Filter>FoolsEngine\Assets</Filter>
    </ClInclude>
    <ClInclude Include="src\FoolsEngine\Assets\AssetAccessors.h">
      <Filter>FoolsEngine\Assets</Filter>
    </ClInclude>
    <ClInclude Include="src\FoolsEngine\Assets\AssetHandle.h">
      <Filter>FoolsEngine\Assets</Filter>
    </ClInclude>
    <ClInclude Include="src\FoolsEngine\Assets\AssetInterface.h">
      <Filter>FoolsEngine\Assets</Filter>
    </ClInclude>
    <ClInclude Include="src\FoolsEngine\Assets\AssetManager.h">
      <Filter>FoolsEngine\Assets</Filter>
    </ClInclude>
    <ClInclude Include="src\FoolsEngine\Assets\AssetTypes.h">
      <Filter>FoolsEngine\Assets</Filter>
    </ClInclude>
    <ClInclude Include="src\FoolsEngine\Assets\AssetTypesRegistry.h">
      <Filter>FoolsEngine\Assets</Filter>
    </ClInclude>
    <ClInclude Include="src\FoolsEngine\Assets\Loaders\GeometryLoader.h">
      <Filter>FoolsEngine\Assets\Loaders</Filter>
    </ClInclude>
    <ClInclude Include="src\FoolsEngine\Assets\Loaders\LoaderType.h">
      <Filter>FoolsEngine\Assets\Loaders</Filter>
    </ClInclude>
    <ClInclude Include="src\FoolsEngine\Assets\Loaders\LoadersRegistry.h">
      <Filter>FoolsEngine\Assets\Loaders</Filter>
    </ClInclude>
    <ClInclude Include="src\FoolsEngine\Assets\Loaders\ShaderLoader.h">
      <Filter>FoolsEngine\Assets\Loaders</Filter>
    </ClInclude>
    <ClInclude Include="src\FoolsEngine\Assets\Loaders\TextureLoader.h">
      <Filter>FoolsEngine\Assets\Loaders</Filter>
    </ClInclude>
    <ClInclude Include="src\FoolsEngine\Assets\Serialization\AssetsRegistrySerialization.h">
      <Filter>FoolsEngine\Assets\Serialization</Filter>
    </ClInclude>
    <ClInclude Include="src\FoolsEngine\Assets\Serialization\GPUDataSerialization.h">
      <Filter>FoolsEngine\Assets\Serialization</Filter>
    </ClInclude>
    <ClInclude Include="src\FoolsEngine\Assets\Serialization\SceneSerializer.h">
      <Filter>FoolsEngine\Assets\Serialization</Filter>
    </ClInclude>
    <ClInclude Include="src\FoolsEngine\Assets\Serialization\YAML.h">
      <Filter>FoolsEngine\Assets\Serialization</Filter>
    </ClInclude>
    <ClInclude Include="src\FoolsEngine\Foundation\Common.h">
      <Filter>FoolsEngine\Foundation</Filter>
    </ClInclude>
    <ClInclude Include="src\FoolsEngine\Foundation\Debug\Asserts.h">
      <Filter>FoolsEngine\Foundation\Debug</Filter>
    </ClInclude>
    <ClInclude Include="src\FoolsEngine\Foundation\Debug\Log.h">
      <Filter>FoolsEngine\Foundation\Debug</Filter>
    </ClInclude>
    <ClInclude Include="src\FoolsEngine\Foundation\Debug\Profiler.h">
      <Filter>FoolsEngine\Foundation\Debug</Filter>
    </ClInclude>
    <ClInclude Include="src\FoolsEngine\Foundation\Math\Math.h">
      <Filter>FoolsEngine\Foundation\Math</Filter>
    </ClInclude>
    <ClInclude Include="src\FoolsEngine\Foundation\Math\Transform.h">
      <Filter>FoolsEngine\Foundation\Math</Filter>
    </ClInclude>
    <ClInclude Include="src\FoolsEngine\Foundation\Memory\Allocators\Allocator.h">
      <Filter>FoolsEngine\Foundation\Memory\Allocators</Filter>
    </ClInclude>
    <ClInclude Include="src\FoolsEngine\Foundation\Memory\Allocators\ArenaAlloc.h">
      <Filter>FoolsEngine\Foundation\Memory\Allocators</Filter>
    </ClInclude>
    <ClInclude Include="src\FoolsEngine\Foundation\Memory\Allocators\BitmappedPoolAlloc.h">
      <Filter>FoolsEngine\Foundation\Memory\Allocators</Filter>
    </ClInclude>
    <ClInclude Include="src\FoolsEngine\Foundation\Memory\Allocators\FallbackAlloc.h">
      <Filter>FoolsEngine\Foundation\Memory\Allocators</Filter>
    </ClInclude>
    <ClInclude Include="src\FoolsEngine\Foundation\Memory\Allocators\StableAllocs.h">
      <Filter>FoolsEngine\Foundation\Memory\Allocators</Filter>
    </ClInclude>
    <ClInclude Include="src\FoolsEngine\Foundation\Memory\Allocators\MallocAlloc.h">
      <Filter>FoolsEngine\Foundation\Memory\Allocators</Filter>
    </ClInclude>
    <ClInclude Include="src\FoolsEngine\Foundation\Memory\Allocators\MonotonicAlloc.h">
      <Filter>FoolsEngine\Foundation\Memory\Allocators</Filter>
    </ClInclude>
    <ClInclude Include="src\FoolsEngine\Foundation\Memory\Allocators\SegregatorAlloc.h">
      <Filter>FoolsEngine\Foundation\Memory\Allocators</Filter>
    </ClInclude>
    <ClInclude Include="src\FoolsEngine\Foundation\Memory\DataTypes.h">
      <Filter>FoolsEngine\Foundation\Memory</Filter>
    </ClInclude>
    <ClInclude Include="src\FoolsEngine\Foundation\Memory\DynArr.h">
      <Filter>FoolsEngine\Foundation\Memory</Filter>
    </ClInclude>
    <ClInclude Include="src\FoolsEngine\Foundation\Memory\DynArrAlloc.h">
      <Filter>FoolsEngine\Foundation\Memory</Filter>
    </ClInclude>
    <ClInclude Include="src\FoolsEngine\Foundation\Memory\Pile.h">
      <Filter>FoolsEngine\Foundation\Memory</Filter>
    </ClInclude>
    <ClInclude Include="src\FoolsEngine\Foundation\Memory\Scratchpad.h">
      <Filter>FoolsEngine\Foundation\Memory</Filter>
    </ClInclude>
    <ClInclude Include="src\FoolsEngine\Foundation\Memory\Splice.h">
      <Filter>FoolsEngine\Foundation\Memory</Filter>
    </ClInclude>
    <ClInclude Include="src\FoolsEngine\Foundation\Memory\String.h">
      <Filter>FoolsEngine\Foundation\Memory</Filter>
    </ClInclude>
    <ClInclude Include="src\FoolsEngine\Foundation\Memory\Xar.h">
      <Filter>FoolsEngine\Foundation\Memory</Filter>
    </ClInclude>
    <ClInclude Include="src\FoolsEngine\Foundation\Memory\XarAlloc.h">
      <Filter>FoolsEngine\Foundation\Memory</Filter>
    </ClInclude>
    <ClInclude Include="src\FoolsEngine\Foundation\Utils\BitOperations.h">
      <Filter>FoolsEngine\Foundation\Utils</Filter>
    </ClInclude>
    <ClInclude Include="src\FoolsEngine\Foundation\Utils\Colors.h">
      <Filter>FoolsEngine\Foundation\Utils</Filter>
    </ClInclude>
    <ClInclude Include="src\FoolsEngine\Foundation\Utils\Context.h">
      <Filter>FoolsEngine\Foundation\Utils</Filter>
    </ClInclude>
    <ClInclude Include="src\FoolsEngine\Foundation\Utils\Core.h">
      <Filter>FoolsEngine\Foundation\Utils</Filter>
    </ClInclude>
    <ClInclude Include="src\FoolsEngine\Foundation\Utils\DeclareEnum.h">
      <Filter>FoolsEngine\Foundation\Utils</Filter>
    </ClInclude>
    <ClInclude Include="src\FoolsEngine\Foundation\Utils\ForEach.h">
      <Filter>FoolsEngine\Foundation\Utils</Filter>
    </ClInclude>
    <ClInclude Include="src\FoolsEngine\Platform\Events\ApplicationEvent.h">
      <Filter>FoolsEngine\Platform\Events</Filter>
    </ClInclude>
    <ClInclude Include="src\FoolsEngine\Platform\Events\Event.h">
      <Filter>FoolsEngine\Platform\Events</Filter>
    </ClInclude>
    <ClInclude Include="src\FoolsEngine\Platform\Events\KeyEvent.h">
      <Filter>FoolsEngine\Platform\Events</Filter>
    </ClInclude>
    <ClInclude Include="src\FoolsEngine\Platform\Events\MainEventDispacher.h">
      <Filter>FoolsEngine\Platform\Events</Filter>
    </ClInclude>
    <ClInclude Include="src\FoolsEngine\Platform\Events\MouseEvent.h">
      <Filter>FoolsEngine\Platform\Events</Filter>
    </ClInclude>
    <ClInclude Include="src\FoolsEngine\Platform\FileDialogs.h">
      <Filter>FoolsEngine\Platform</Filter>
    </ClInclude>
    <ClInclude Include="src\FoolsEngine\Platform\InputCodes.h">
      <Filter>FoolsEngine\Platform</Filter>
    </ClInclude>
    <ClInclude Include="src\FoolsEngine\Platform\InputPolling.h">
      <Filter>FoolsEngine\Platform</Filter>
    </ClInclude>
    <ClInclude Include="src\FoolsEngine\Platform\Win32\Win32Window.h">
      <Filter>FoolsEngine\Platform\Win32</Filter>
    </ClInclude>
    <ClInclude Include="src\FoolsEngine\Platform\WindowBase.h">
      <Filter>FoolsEngine\Platform</Filter>
    </ClInclude>
    <ClInclude Include="src\FoolsEngine\Renderer\1 - Description\Buffer.h">
      <Filter>FoolsEngine\Renderer\1 - Description</Filter>
    </ClInclude>
    <ClInclude Include="src\FoolsEngine\Renderer\1 - Description\Data.h">
      <Filter>FoolsEngine\Renderer\1 - Description</Filter>
    </ClInclude>
    <ClInclude Include="src\FoolsEngine\Renderer\1 - Description\Framebuffer.h">
      <Filter>FoolsEngine\Renderer\1 - Description</Filter>
    </ClInclude>
    <ClInclude Include="src\FoolsEngine\Renderer\1 - Description\GAPIType.h">
      <Filter>FoolsEngine\Renderer\1 - Description</Filter>
    </ClInclude>
    <ClInclude Include="src\FoolsEngine\Renderer\1 - Description\Library.h">
      <Filter>FoolsEngine\Renderer\1 - Description</Filter>
    </ClInclude>
    <ClInclude Include="src\FoolsEngine\Renderer\1 - Description\Pipeline.h">
      <Filter>FoolsEngine\Renderer\1 - Description</Filter>
    </ClInclude>
    <ClInclude Include="src\FoolsEngine\Renderer\1 - Description\ShaderInterface.h">
      <Filter>FoolsEngine\Renderer\1 - Description</Filter>
    </ClInclude>
    <ClInclude Include="src\FoolsEngine\Renderer\1 - Description\Texture.h">
      <Filter>FoolsEngine\Renderer\1 - Description</Filter>
    </ClInclude>
    <ClInclude Include="src\FoolsEngine\Renderer\2 - Resource\DownStream.h">
      <Filter>FoolsEngine\Renderer\2 - Resource</Filter>
    </ClInclude>
    <ClInclude Include="src\FoolsEngine\Renderer\2 - Resource\FrameBuffer.h">
      <Filter>FoolsEngine\Renderer\2 - Resource</Filter>
    </ClInclude>
    <ClInclude Include="src\FoolsEngine\Renderer\2 - Resource\OpenGL\Utils.h">
      <Filter>FoolsEngine\Renderer\2 - Resource\OpenGL</Filter>
    </ClInclude>
    <ClInclude Include="src\FoolsEngine\Renderer\2 - Resource\Program.h">
      <Filter>FoolsEngine\Renderer\2 - Resource</Filter>
    </ClInclude>
    <ClInclude Include="src\FoolsEngine\Renderer\2 - Resource\Shader.h">
      <Filter>FoolsEngine\Renderer\2 - Resource</Filter>
    </ClInclude>
    <ClInclude Include="src\FoolsEngine\Renderer\2 - Resource\StaticBuffer.h">
      <Filter>FoolsEngine\Renderer\2 - Resource</Filter>
    </ClInclude>
    <ClInclude Include="src\FoolsEngine\Renderer\2 - Resource\Texture.h">
      <Filter>FoolsEngine\Renderer\2 - Resource</Filter>
    </ClInclude>
    <ClInclude Include="src\FoolsEngine\Renderer\2 - Resource\VertexArray.h">
      <Filter>FoolsEngine\Renderer\2 - Resource</Filter>
    </ClInclude>
    <ClInclude Include="src\FoolsEngine\Renderer\3 - Command\PipelineState.h">
      <Filter>FoolsEngine\Renderer\3 - Command</Filter>
    </ClInclude>
    <ClInclude Include="src\FoolsEngine\Renderer\3 - Command\Render.h">
      <Filter>FoolsEngine\Renderer\3 - Command</Filter>
    </ClInclude>
    <ClInclude Include="src\FoolsEngine\Renderer\3 - Command\ResourceState.h">
      <Filter>FoolsEngine\Renderer\3 - Command</Filter>
    </ClInclude>
    <ClInclude Include="src\FoolsEngine\Renderer\4 - Representation\Camera.h">
      <Filter>FoolsEngine\Renderer\4 - Representation</Filter>
    </ClInclude>
    <ClInclude Include="src\FoolsEngine\Renderer\4 - Representation\Lights.h">
      <Filter>FoolsEngine\Renderer\4 - Representation</Filter>
    </ClInclude>
    <ClInclude Include="src\FoolsEngine\Renderer\4 - Representation\Material.h">
      <Filter>FoolsEngine\Renderer\4 - Representation</Filter>
    </ClInclude>
    <ClInclude Include="src\FoolsEngine\Renderer\4 - Representation\Mesh.h">
      <Filter>FoolsEngine\Renderer\4 - Representation</Filter>
    </ClInclude>
    <ClInclude Include="src\FoolsEngine\Renderer\4 - Representation\Model.h">
      <Filter>FoolsEngine\Renderer\4 - Representation</Filter>
    </ClInclude>
    <ClInclude Include="src\FoolsEngine\Renderer\4 - Representation\RenderMesh.h">
      <Filter>FoolsEngine\Renderer\4 - Representation</Filter>
    </ClInclude>
    <ClInclude Include="src\FoolsEngine\Renderer\4 - Representation\Shader.h">
      <Filter>FoolsEngine\Renderer\4 - Representation</Filter>
    </ClInclude>
    <ClInclude Include="src\FoolsEngine\Renderer\4 - Representation\ShadingModel.h">
      <Filter>FoolsEngine\Renderer\4 - Representation</Filter>
    </ClInclude>
    <ClInclude Include="src\FoolsEngine\Renderer\4 - Representation\Texture.h">
      <Filter>FoolsEngine\Renderer\4 - Representation</Filter>
    </ClInclude>
    <ClInclude Include="src\FoolsEngine\Renderer\5 - Render Context\OpenGL\OpenGLRenderingContext.h">
      <Filter>FoolsEngine\Renderer\5 - Render Context\OpenGL</Filter>
    </ClInclude>
    <ClInclude Include="src\FoolsEngine\Renderer\5 - Render Context\RenderingContext.h">
      <Filter>FoolsEngine\Renderer\5 - Render Context</Filter>
    </ClInclude>
    <ClInclude Include="src\FoolsEngine\Renderer\6 - Render\GeometryRenderer.h">
      <Filter>FoolsEngine\Renderer\6 - Render</Filter>
    </ClInclude>
    <ClInclude Include="src\FoolsEngine\Renderer\6 - Render\Renderer2D.h">
      <Filter>FoolsEngine\Renderer\6 - Render</Filter>
    </ClInclude>
    <ClInclude Include="src\FoolsEngine\Renderer\7 - Integration\Renderer.h">
      <Filter>FoolsEngine\Renderer\7 - Integration</Filter>
    </ClInclude>
    <ClInclude Include="src\FoolsEngine\Scene\BaseEntity.h">
      <Filter>FoolsEngine\Scene</Filter>
    </ClInclude>
    <ClInclude Include="src\FoolsEngine\Scene\Component.h">
      <Filter>FoolsEngine\Scene</Filter>
    </ClInclude>
    <ClInclude Include="src\FoolsEngine\Scene\ComponentTypesRegistry.h">
      <Filter>FoolsEngine\Scene</Filter>
    </ClInclude>
    <ClInclude Include="src\FoolsEngine\Scene\Components\2DComponents.h">
      <Filter>FoolsEngine\Scene\Components</Filter>
    </ClInclude>
    <ClInclude Include="src\FoolsEngine\Scene\Components\LightComponents.h">
      <Filter>FoolsEngine\Scene\Components</Filter>
    </ClInclude>
    <ClInclude Include="src\FoolsEngine\Scene\Components\MeshComponents.h">
      <Filter>FoolsEngine\Scene\Components</Filter>
    </ClInclude>
    <ClInclude Include="src\FoolsEngine\Scene\Components\RenderingComponents.h">
      <Filter>FoolsEngine\Scene\Components</Filter>
    </ClInclude>
    <ClInclude Include="src\FoolsEngine\Scene\ECS.h">
      <Filter>FoolsEngine\Scene</Filter>
    </ClInclude>
    <ClInclude Include="src\FoolsEngine\Scene\GameplayWorld\Actor\Actor.h">
      <Filter>FoolsEngine\Scene\GameplayWorld\Actor</Filter>
    </ClInclude>
    <ClInclude Include="src\FoolsEngine\Scene\GameplayWorld\Actor\ActorData.h">
      <Filter>FoolsEngine\Scene\GameplayWorld\Actor</Filter>
    </ClInclude>
    <ClInclude Include="src\FoolsEngine\Scene\GameplayWorld\Actor\Behavior.h">
      <Filter>FoolsEngine\Scene\GameplayWorld\Actor</Filter>
    </ClInclude>
    <ClInclude Include="src\FoolsEngine\Scene\GameplayWorld\Actor\BehaviorsRegistry.h">
      <Filter>FoolsEngine\Scene\GameplayWorld\Actor</Filter>
    </ClInclude>
    <ClInclude Include="src\FoolsEngine\Scene\GameplayWorld\CompPtr.h">
      <Filter>FoolsEngine\Scene\GameplayWorld</Filter>
    </ClInclude>
    <ClInclude Include="src\FoolsEngine\Scene\GameplayWorld\ComponentDestructionManager.h">
      <Filter>FoolsEngine\Scene\GameplayWorld</Filter>
    </ClInclude>
    <ClInclude Include="src\FoolsEngine\Scene\GameplayWorld\Entity.h">
      <Filter>FoolsEngine\Scene\GameplayWorld</Filter>
    </ClInclude>
    <ClInclude Include="src\FoolsEngine\Scene\GameplayWorld\GameplayWorld.h">
      <Filter>FoolsEngine\Scene\GameplayWorld</Filter>
    </ClInclude>
    <ClInclude Include="src\FoolsEngine\Scene\GameplayWorld\Hierarchy\ChildrenList.h">
      <Filter>FoolsEngine\Scene\GameplayWorld\Hierarchy</Filter>
    </ClInclude>
    <ClInclude Include="src\FoolsEngine\Scene\GameplayWorld\Hierarchy\HierarchyDirector.h">
      <Filter>FoolsEngine\Scene\GameplayWorld\Hierarchy</Filter>
    </ClInclude>
    <ClInclude Include="src\FoolsEngine\Scene\GameplayWorld\Hierarchy\Tags.h">
      <Filter>FoolsEngine\Scene\GameplayWorld\Hierarchy</Filter>
    </ClInclude>
    <ClInclude Include="src\FoolsEngine\Scene\GameplayWorld\Hierarchy\TagsHandle.h">
      <Filter>FoolsEngine\Scene\GameplayWorld\Hierarchy</Filter>
    </ClInclude>
    <ClInclude Include="src\FoolsEngine\Scene\GameplayWorld\Hierarchy\TransformHandle.h">
      <Filter>FoolsEngine\Scene\GameplayWorld\Hierarchy</Filter>
    </ClInclude>
    <ClInclude Include="src\FoolsEngine\Scene\GameplayWorld\System\System.h">
      <Filter>FoolsEngine\Scene\GameplayWorld\System</Filter>
    </ClInclude>
    <ClInclude Include="src\FoolsEngine\Scene\GameplayWorld\System\SystemsDirector.h">
      <Filter>FoolsEngine\Scene\GameplayWorld\System</Filter>
    </ClInclude>
    <ClInclude Include="src\FoolsEngine\Scene\GameplayWorld\System\SystemsRegistry.h">
      <Filter>FoolsEngine\Scene\GameplayWorld\System</Filter>
    </ClInclude>
    <ClInclude Include="src\FoolsEngine\Scene\Scene.h">
      <Filter>FoolsEngine\Scene</Filter>
    </ClInclude>
    <ClInclude Include="src\FoolsEngine\Scene\SimulationStage.h">
      <Filter>FoolsEngine\Scene</Filter>
    </ClInclude>
    <ClInclude Include="src\FoolsEngine\Scene\World.h">
      <Filter>FoolsEngine\Scene</Filter>
    </ClInclude>
    <ClInclude Include="src\FoolsEngine\Foundation\Memory\StringBuilderAlloc.h" />
    <ClInclude Include="src\FoolsEngine\Renderer\5 - Render Context\ResourceManager.h" />
    <ClInclude Include="src\FoolsEngine\Renderer\5 - Render Context\CommandQue.h" />
    <ClInclude Include="src\FoolsEngine\Renderer\5 - Render Context\SwapChain.h" />
    <ClInclude Include="src\FoolsEngine\Renderer\5 - Render Context\PipelineState.h" />
    <ClInclude Include="src\FoolsEngine\Platform\Window.h" />
    <ClInclude Include="src\FoolsEngine\Renderer\5 - Render Context\RenderContext.h" />
    <ClInclude Include="src\FoolsEngine\Platform\PlatformBase.h" />
  </ItemGroup>
  <ItemGroup>
    <ClCompile Include="src\FE_pch.cpp" />
    <ClCompile Include="src\FoolsEngine\Application\Application.cpp">
      <Filter>FoolsEngine\Application</Filter>
    </ClCompile>
    <ClCompile Include="src\FoolsEngine\Application\ImGui\ImGuiBackend.cpp">
      <Filter>FoolsEngine\Application\ImGui</Filter>
    </ClCompile>
    <ClCompile Include="src\FoolsEngine\Application\ImGui\ImGuiLayer.cpp">
      <Filter>FoolsEngine\Application\ImGui</Filter>
    </ClCompile>
    <ClCompile Include="src\FoolsEngine\Application\LayerStack.cpp">
      <Filter>FoolsEngine\Application</Filter>
    </ClCompile>
    <ClCompile Include="src\FoolsEngine\Application\Project.cpp">
      <Filter>FoolsEngine\Application</Filter>
    </ClCompile>
    <ClCompile Include="src\FoolsEngine\Application\Time.cpp">
      <Filter>FoolsEngine\Application</Filter>
    </ClCompile>
    <ClCompile Include="src\FoolsEngine\Application\UUID.cpp">
      <Filter>FoolsEngine\Application</Filter>
    </ClCompile>
    <ClCompile Include="src\FoolsEngine\Assets\AssetCreation.cpp">
      <Filter>FoolsEngine\Assets</Filter>
    </ClCompile>
    <ClCompile Include="src\FoolsEngine\Assets\AssetManager.cpp">
      <Filter>FoolsEngine\Assets</Filter>
    </ClCompile>
    <ClCompile Include="src\FoolsEngine\Assets\AssetTypesRegistry.cpp">
      <Filter>FoolsEngine\Assets</Filter>
    </ClCompile>
    <ClCompile Include="src\FoolsEngine\Assets\Loaders\GeometryLoader.cpp">
      <Filter>FoolsEngine\Assets\Loaders</Filter>
    </ClCompile>
    <ClCompile Include="src\FoolsEngine\Assets\Loaders\LoadersRegistry.cpp">
      <Filter>FoolsEngine\Assets\Loaders</Filter>
    </ClCompile>
    <ClCompile Include="src\FoolsEngine\Assets\Loaders\ShaderLoader.cpp">
      <Filter>FoolsEngine\Assets\Loaders</Filter>
    </ClCompile>
    <ClCompile Include="src\FoolsEngine\Assets\Loaders\TextureLoader.cpp">
      <Filter>FoolsEngine\Assets\Loaders</Filter>
    </ClCompile>
    <ClCompile Include="src\FoolsEngine\Assets\Serialization\AssetsRegistrySerialization.cpp">
      <Filter>FoolsEngine\Assets\Serialization</Filter>
    </ClCompile>
    <ClCompile Include="src\FoolsEngine\Assets\Serialization\GPUDataSerialization.cpp">
      <Filter>FoolsEngine\Assets\Serialization</Filter>
    </ClCompile>
    <ClCompile Include="src\FoolsEngine\Assets\Serialization\SceneSerializer.cpp">
      <Filter>FoolsEngine\Assets\Serialization</Filter>
    </ClCompile>
    <ClCompile Include="src\FoolsEngine\Assets\Serialization\YAML.cpp">
      <Filter>FoolsEngine\Assets\Serialization</Filter>
    </ClCompile>
    <ClCompile Include="src\FoolsEngine\Foundation\Debug\Asserts.cpp">
      <Filter>FoolsEngine\Foundation\Debug</Filter>
    </ClCompile>
    <ClCompile Include="src\FoolsEngine\Foundation\Debug\Log.cpp">
      <Filter>FoolsEngine\Foundation\Debug</Filter>
    </ClCompile>
    <ClCompile Include="src\FoolsEngine\Foundation\Debug\Profiler.cpp">
      <Filter>FoolsEngine\Foundation\Debug</Filter>
    </ClCompile>
    <ClCompile Include="src\FoolsEngine\Foundation\Math\Math.cpp">
      <Filter>FoolsEngine\Foundation\Math</Filter>
    </ClCompile>
    <ClCompile Include="src\FoolsEngine\Foundation\Memory\Memory.cpp">
      <Filter>FoolsEngine\Foundation\Memory</Filter>
    </ClCompile>
    <ClCompile Include="src\FoolsEngine\Foundation\Memory\Scratchpad.cpp">
      <Filter>FoolsEngine\Foundation\Memory</Filter>
    </ClCompile>
    <ClCompile Include="src\FoolsEngine\Foundation\Utils\Context.cpp">
      <Filter>FoolsEngine\Foundation\Utils</Filter>
    </ClCompile>
    <ClCompile Include="src\FoolsEngine\Platform\Events\MainEventDispacher.cpp">
      <Filter>FoolsEngine\Platform\Events</Filter>
    </ClCompile>
    <ClCompile Include="src\FoolsEngine\Platform\Win32\Win32FileDialogs.cpp">
      <Filter>FoolsEngine\Platform\Win32</Filter>
    </ClCompile>
    <ClCompile Include="src\FoolsEngine\Platform\Win32\Win32InputPolling.cpp">
      <Filter>FoolsEngine\Platform\Win32</Filter>
    </ClCompile>
    <ClCompile Include="src\FoolsEngine\Platform\Win32\Win32Window.cpp">
      <Filter>FoolsEngine\Platform\Win32</Filter>
    </ClCompile>
    <ClCompile Include="src\FoolsEngine\Renderer\1 - Description\Description.cpp">
      <Filter>FoolsEngine\Renderer\1 - Description</Filter>
    </ClCompile>
    <ClCompile Include="src\FoolsEngine\Renderer\2 - Resource\OpenGL\DownStream.cpp">
      <Filter>FoolsEngine\Renderer\2 - Resource\OpenGL</Filter>
    </ClCompile>
    <ClCompile Include="src\FoolsEngine\Renderer\2 - Resource\OpenGL\FrameBuffer.cpp">
      <Filter>FoolsEngine\Renderer\2 - Resource\OpenGL</Filter>
    </ClCompile>
    <ClCompile Include="src\FoolsEngine\Renderer\2 - Resource\OpenGL\Program.cpp">
      <Filter>FoolsEngine\Renderer\2 - Resource\OpenGL</Filter>
    </ClCompile>
    <ClCompile Include="src\FoolsEngine\Renderer\2 - Resource\OpenGL\Shader.cpp">
      <Filter>FoolsEngine\Renderer\2 - Resource\OpenGL</Filter>
    </ClCompile>
    <ClCompile Include="src\FoolsEngine\Renderer\2 - Resource\OpenGL\StaticBuffer.cpp">
      <Filter>FoolsEngine\Renderer\2 - Resource\OpenGL</Filter>
    </ClCompile>
    <ClCompile Include="src\FoolsEngine\Renderer\2 - Resource\OpenGL\Texture.cpp">
      <Filter>FoolsEngine\Renderer\2 - Resource\OpenGL</Filter>
    </ClCompile>
    <ClCompile Include="src\FoolsEngine\Renderer\2 - Resource\OpenGL\Utils.cpp">
      <Filter>FoolsEngine\Renderer\2 - Resource\OpenGL</Filter>
    </ClCompile>
    <ClCompile Include="src\FoolsEngine\Renderer\2 - Resource\OpenGL\VertexArray.cpp">
      <Filter>FoolsEngine\Renderer\2 - Resource\OpenGL</Filter>
    </ClCompile>
    <ClCompile Include="src\FoolsEngine\Renderer\2 - Resource\Resource.cpp">
      <Filter>FoolsEngine\Renderer\2 - Resource</Filter>
    </ClCompile>
    <ClCompile Include="src\FoolsEngine\Renderer\3 - Command\OpenGL\PipelineState.cpp">
      <Filter>FoolsEngine\Renderer\3 - Command\OpenGL</Filter>
    </ClCompile>
    <ClCompile Include="src\FoolsEngine\Renderer\3 - Command\OpenGL\Render.cpp">
      <Filter>FoolsEngine\Renderer\3 - Command\OpenGL</Filter>
    </ClCompile>
    <ClCompile Include="src\FoolsEngine\Renderer\3 - Command\OpenGL\ResourceState.cpp">
      <Filter>FoolsEngine\Renderer\3 - Command\OpenGL</Filter>
    </ClCompile>
    <ClCompile Include="src\FoolsEngine\Renderer\4 - Representation\Camera.cpp">
      <Filter>FoolsEngine\Renderer\4 - Representation</Filter>
    </ClCompile>
    <ClCompile Include="src\FoolsEngine\Renderer\4 - Representation\Material.cpp">
      <Filter>FoolsEngine\Renderer\4 - Representation</Filter>
    </ClCompile>
    <ClCompile Include="src\FoolsEngine\Renderer\4 - Representation\Mesh.cpp">
      <Filter>FoolsEngine\Renderer\4 - Representation</Filter>
    </ClCompile>
    <ClCompile Include="src\FoolsEngine\Renderer\4 - Representation\Model.cpp">
      <Filter>FoolsEngine\Renderer\4 - Representation</Filter>
    </ClCompile>
    <ClCompile Include="src\FoolsEngine\Renderer\4 - Representation\RenderMesh.cpp">
      <Filter>FoolsEngine\Renderer\4 - Representation</Filter>
    </ClCompile>
    <ClCompile Include="src\FoolsEngine\Renderer\4 - Representation\Shader.cpp">
      <Filter>FoolsEngine\Renderer\4 - Representation</Filter>
    </ClCompile>
    <ClCompile Include="src\FoolsEngine\Renderer\4 - Representation\ShadingModel.cpp">
      <Filter>FoolsEngine\Renderer\4 - Representation</Filter>
    </ClCompile>
    <ClCompile Include="src\FoolsEngine\Renderer\4 - Representation\Texture.cpp">
      <Filter>FoolsEngine\Renderer\4 - Representation</Filter>
    </ClCompile>
    <ClCompile Include="src\FoolsEngine\Renderer\5 - Render Context\OpenGL\OpenGLRenderingContext.cpp">
      <Filter>FoolsEngine\Renderer\5 - Render Context\OpenGL</Filter>
    </ClCompile>
    <ClCompile Include="src\FoolsEngine\Renderer\5 - Render Context\RenderingContext.cpp">
      <Filter>FoolsEngine\Renderer\5 - Render Context</Filter>
    </ClCompile>
    <ClCompile Include="src\FoolsEngine\Renderer\6 - Render\GeometryRenderer.cpp">
      <Filter>FoolsEngine\Renderer\6 - Render</Filter>
    </ClCompile>
    <ClCompile Include="src\FoolsEngine\Renderer\6 - Render\Renderer2D.cpp">
      <Filter>FoolsEngine\Renderer\6 - Render</Filter>
    </ClCompile>
    <ClCompile Include="src\FoolsEngine\Renderer\7 - Integration\Renderer.cpp">
      <Filter>FoolsEngine\Renderer\7 - Integration</Filter>
    </ClCompile>
    <ClCompile Include="src\FoolsEngine\Scene\Component.cpp">
      <Filter>FoolsEngine\Scene</Filter>
    </ClCompile>
    <ClCompile Include="src\FoolsEngine\Scene\ComponentTypesRegistry.cpp">
      <Filter>FoolsEngine\Scene</Filter>
    </ClCompile>
    <ClCompile Include="src\FoolsEngine\Scene\Components\2DComponents.cpp">
      <Filter>FoolsEngine\Scene\Components</Filter>
    </ClCompile>
    <ClCompile Include="src\FoolsEngine\Scene\Components\LightComponents.cpp">
      <Filter>FoolsEngine\Scene\Components</Filter>
    </ClCompile>
    <ClCompile Include="src\FoolsEngine\Scene\Components\MeshComponents.cpp">
      <Filter>FoolsEngine\Scene\Components</Filter>
    </ClCompile>
    <ClCompile Include="src\FoolsEngine\Scene\Components\RenderingComponents.cpp">
      <Filter>FoolsEngine\Scene\Components</Filter>
    </ClCompile>
    <ClCompile Include="src\FoolsEngine\Scene\GameplayWorld\Actor\Actor.cpp">
      <Filter>FoolsEngine\Scene\GameplayWorld\Actor</Filter>
    </ClCompile>
    <ClCompile Include="src\FoolsEngine\Scene\GameplayWorld\Actor\Behavior.cpp">
      <Filter>FoolsEngine\Scene\GameplayWorld\Actor</Filter>
    </ClCompile>
    <ClCompile Include="src\FoolsEngine\Scene\GameplayWorld\Actor\BehaviorsRegistry.cpp">
      <Filter>FoolsEngine\Scene\GameplayWorld\Actor</Filter>
    </ClCompile>
    <ClCompile Include="src\FoolsEngine\Scene\GameplayWorld\ComponentDestructionManager.cpp">
      <Filter>FoolsEngine\Scene\GameplayWorld</Filter>
    </ClCompile>
    <ClCompile Include="src\FoolsEngine\Scene\GameplayWorld\Entity.cpp">
      <Filter>FoolsEngine\Scene\GameplayWorld</Filter>
    </ClCompile>
    <ClCompile Include="src\FoolsEngine\Scene\GameplayWorld\GameplayWorld.cpp">
      <Filter>FoolsEngine\Scene\GameplayWorld</Filter>
    </ClCompile>
    <ClCompile Include="src\FoolsEngine\Scene\GameplayWorld\Hierarchy\HierarchyDirector.cpp">
      <Filter>FoolsEngine\Scene\GameplayWorld\Hierarchy</Filter>
    </ClCompile>
    <ClCompile Include="src\FoolsEngine\Scene\GameplayWorld\Hierarchy\TagsHandle.cpp">
      <Filter>FoolsEngine\Scene\GameplayWorld\Hierarchy</Filter>
    </ClCompile>
    <ClCompile Include="src\FoolsEngine\Scene\GameplayWorld\Hierarchy\TransformHandle.cpp">
      <Filter>FoolsEngine\Scene\GameplayWorld\Hierarchy</Filter>
    </ClCompile>
    <ClCompile Include="src\FoolsEngine\Scene\GameplayWorld\System\System.cpp">
      <Filter>FoolsEngine\Scene\GameplayWorld\System</Filter>
    </ClCompile>
    <ClCompile Include="src\FoolsEngine\Scene\GameplayWorld\System\SystemsDirector.cpp">
      <Filter>FoolsEngine\Scene\GameplayWorld\System</Filter>
    </ClCompile>
    <ClCompile Include="src\FoolsEngine\Scene\GameplayWorld\System\SystemsRegistry.cpp">
      <Filter>FoolsEngine\Scene\GameplayWorld\System</Filter>
    </ClCompile>
    <ClCompile Include="src\FoolsEngine\Scene\Scene.cpp">
      <Filter>FoolsEngine\Scene</Filter>
    </ClCompile>
    <ClCompile Include="src\FoolsEngine\Scene\World.cpp">
      <Filter>FoolsEngine\Scene</Filter>
    </ClCompile>
    <ClCompile Include="src\FoolsEngine\Renderer\5 - Render Context\OpenGL\RenderContext.cpp" />
    <ClCompile Include="src\FoolsEngine\Platform\Win32\PlatformBase.cpp" />
  </ItemGroup>
</Project>