<?xml version="1.0" encoding="utf-8"?>
<Project ToolsVersion="4.0" xmlns="http://schemas.microsoft.com/developer/msbuild/2003">
  <ItemGroup>
    <Filter Include="FoolsEngine">
      <UniqueIdentifier>{1E21718E-8AD6-E983-13CB-E35A7F7FE087}</UniqueIdentifier>
    </Filter>
    <Filter Include="FoolsEngine\Debug">
      <UniqueIdentifier>{140A0399-8020-012F-C997-8C5035EDD1B6}</UniqueIdentifier>
    </Filter>
    <Filter Include="FoolsEngine\Events">
      <UniqueIdentifier>{429FEEBC-2E83-AF12-97E3-A96583E69994}</UniqueIdentifier>
    </Filter>
  </ItemGroup>
  <ItemGroup>
    <ClInclude Include="src\FE_pch.h" />
    <ClInclude Include="src\FoolsEngine.h" />
    <ClInclude Include="src\FoolsEngine\Core\Application.h">
      <Filter>FoolsEngine</Filter>
    </ClInclude>
    <ClInclude Include="src\FoolsEngine\Core\Core.h">
      <Filter>FoolsEngine</Filter>
    </ClInclude>
    <ClInclude Include="src\FoolsEngine\Debug\Asserts.h">
      <Filter>FoolsEngine\Debug</Filter>
    </ClInclude>
    <ClInclude Include="src\FoolsEngine\Debug\Log.h">
      <Filter>FoolsEngine\Debug</Filter>
    </ClInclude>
    <ClInclude Include="src\FoolsEngine\Debug\Profiler.h">
      <Filter>FoolsEngine\Debug</Filter>
    </ClInclude>
    <ClInclude Include="src\FoolsEngine\Debug\UnitTests.h">
      <Filter>FoolsEngine\Debug</Filter>
    </ClInclude>
    <ClInclude Include="src\FoolsEngine\Core\EntryPoint.h">
      <Filter>FoolsEngine</Filter>
    </ClInclude>
    <ClInclude Include="src\FoolsEngine\Events\Events.h">
      <Filter>FoolsEngine\Events</Filter>
    </ClInclude>
    <ClInclude Include="src\FoolsEngine\Core\Window.h" />
    <ClInclude Include="src\FoolsEngine\Platform\Win10\Win10Window.h" />
    <ClInclude Include="src\FoolsEngine\Events\ApplicationEvent.h" />
    <ClInclude Include="src\FoolsEngine\Events\KeyEvent.h" />
    <ClInclude Include="src\FoolsEngine\Events\MouseEvent.h" />
    <ClInclude Include="src\FoolsEngine\Core\InputCodes.h" />
  </ItemGroup>
  <ItemGroup>
    <ClCompile Include="src\FE_pch.cpp" />
    <ClCompile Include="src\FoolsEngine\Core\Application.cpp">
      <Filter>FoolsEngine</Filter>
    </ClCompile>
    <ClCompile Include="src\FoolsEngine\Debug\Log.cpp">
      <Filter>FoolsEngine\Debug</Filter>
    </ClCompile>
    <ClCompile Include="src\FoolsEngine\Debug\Profiler.cpp">
      <Filter>FoolsEngine\Debug</Filter>
    </ClCompile>
    <ClCompile Include="src\FoolsEngine\Debug\UnitTests.cpp">
      <Filter>FoolsEngine\Debug</Filter>
    </ClCompile>
    <ClCompile Include="src\FoolsEngine\Events\Events.cpp">
      <Filter>FoolsEngine\Events</Filter>
    </ClCompile>
    <ClCompile Include="src\FoolsEngine\Core\Window.cpp" />
    <ClCompile Include="src\FoolsEngine\Platform\Win10\Win10Window.cpp" />
  </ItemGroup>
</Project>